
Microsoft Visual Studio Solution File, Format Version 12.00
Project("{FAE04EC0-301F-11D3-BF4B-00C04F79EFBC}") = "ModeSDemodulator", "ModeSDemodulator\ModeSDemodulator.csproj", "{0A77781B-378A-4852-B43A-0CE5E5CC4058}"
EndProject
Project("{FAE04EC0-301F-11D3-BF4B-00C04F79EFBC}") = "ModeSDemodulatorDemo", "ModeSDemodulatorDemo\ModeSDemodulatorDemo.csproj", "{A2809F6B-ABCE-4129-870F-EEAFB561F83A}"
EndProject
Global
	GlobalSection(SolutionConfigurationPlatforms) = preSolution
		Debug|Any CPU = Debug|Any CPU
		Release|Any CPU = Release|Any CPU
	EndGlobalSection
	GlobalSection(ProjectConfigurationPlatforms) = postSolution
		{0A77781B-378A-4852-B43A-0CE5E5CC4058}.Debug|Any CPU.ActiveCfg = Debug|Any CPU
		{0A77781B-378A-4852-B43A-0CE5E5CC4058}.Debug|Any CPU.Build.0 = Debug|Any CPU
		{0A77781B-378A-4852-B43A-0CE5E5CC4058}.Release|Any CPU.ActiveCfg = Release|Any CPU
		{0A77781B-378A-4852-B43A-0CE5E5CC4058}.Release|Any CPU.Build.0 = Release|Any CPU
		{A2809F6B-ABCE-4129-870F-EEAFB561F83A}.Debug|Any CPU.ActiveCfg = Debug|Any CPU
		{A2809F6B-ABCE-4129-870F-EEAFB561F83A}.Debug|Any CPU.Build.0 = Debug|Any CPU
		{A2809F6B-ABCE-4129-870F-EEAFB561F83A}.Release|Any CPU.ActiveCfg = Release|Any CPU
		{A2809F6B-ABCE-4129-870F-EEAFB561F83A}.Release|Any CPU.Build.0 = Release|Any CPU
	EndGlobalSection
EndGlobal
